
Microsoft Visual Studio Solution File, Format Version 12.00
# Visual Studio Version 17
VisualStudioVersion = 17.14.36623.8 d17.14
MinimumVisualStudioVersion = 10.0.40219.1
Project("{FAE04EC0-301F-11D3-BF4B-00C04F79EFBC}") = "Task01", "Task01\Task01.csproj", "{56E4BD65-87DC-4B7B-99CF-9DCF743C1B25}"
EndProject
Global
	GlobalSection(SolutionConfigurationPlatforms) = preSolution
		Debug|Any CPU = Debug|Any CPU
		Release|Any CPU = Release|Any CPU
	EndGlobalSection
	GlobalSection(ProjectConfigurationPlatforms) = postSolution
		{56E4BD65-87DC-4B7B-99CF-9DCF743C1B25}.Debug|Any CPU.ActiveCfg = Debug|Any CPU
		{56E4BD65-87DC-4B7B-99CF-9DCF743C1B25}.Debug|Any CPU.Build.0 = Debug|Any CPU
		{56E4BD65-87DC-4B7B-99CF-9DCF743C1B25}.Release|Any CPU.ActiveCfg = Release|Any CPU
		{56E4BD65-87DC-4B7B-99CF-9DCF743C1B25}.Release|Any CPU.Build.0 = Release|Any CPU
	EndGlobalSection
	GlobalSection(SolutionProperties) = preSolution
		HideSolutionNode = FALSE
	EndGlobalSection
	GlobalSection(ExtensibilityGlobals) = postSolution
		SolutionGuid = {8FC279FA-F72A-4C28-9471-7E00EE0ACE6D}
	EndGlobalSection
EndGlobal
